
Microsoft Visual Studio Solution File, Format Version 12.00
# Visual Studio Version 17
VisualStudioVersion = 17.0.31912.275
MinimumVisualStudioVersion = 10.0.40219.1
Project("{9A19103F-16F7-4668-BE54-9A1E7A4F7556}") = "DS.EFCore.Helper", "DS.EFCore.Helper\DS.EFCore.Helper.csproj", "{93DAC20F-9607-4885-AE9E-B08EF453E861}"
EndProject
Project("{FAE04EC0-301F-11D3-BF4B-00C04F79EFBC}") = "DS.EFCore.Helper.Tests", "DS.EFCore.Helper.Tests\DS.EFCore.Helper.Tests.csproj", "{B4DF95AE-4D4D-4428-AC37-EA3A31BCEEF5}"
EndProject
Global
	GlobalSection(SolutionConfigurationPlatforms) = preSolution
		Debug|Any CPU = Debug|Any CPU
		Release|Any CPU = Release|Any CPU
	EndGlobalSection
	GlobalSection(ProjectConfigurationPlatforms) = postSolution
		{93DAC20F-9607-4885-AE9E-B08EF453E861}.Debug|Any CPU.ActiveCfg = Debug|Any CPU
		{93DAC20F-9607-4885-AE9E-B08EF453E861}.Debug|Any CPU.Build.0 = Debug|Any CPU
		{93DAC20F-9607-4885-AE9E-B08EF453E861}.Release|Any CPU.ActiveCfg = Release|Any CPU
		{93DAC20F-9607-4885-AE9E-B08EF453E861}.Release|Any CPU.Build.0 = Release|Any CPU
		{B4DF95AE-4D4D-4428-AC37-EA3A31BCEEF5}.Debug|Any CPU.ActiveCfg = Debug|Any CPU
		{B4DF95AE-4D4D-4428-AC37-EA3A31BCEEF5}.Debug|Any CPU.Build.0 = Debug|Any CPU
		{B4DF95AE-4D4D-4428-AC37-EA3A31BCEEF5}.Release|Any CPU.ActiveCfg = Release|Any CPU
		{B4DF95AE-4D4D-4428-AC37-EA3A31BCEEF5}.Release|Any CPU.Build.0 = Release|Any CPU
	EndGlobalSection
	GlobalSection(SolutionProperties) = preSolution
		HideSolutionNode = FALSE
	EndGlobalSection
	GlobalSection(ExtensibilityGlobals) = postSolution
		SolutionGuid = {25EC906C-8617-4FB7-A099-1A1BC36FF3D5}
	EndGlobalSection
EndGlobal
