
Microsoft Visual Studio Solution File, Format Version 12.00
# Visual Studio Version 17
VisualStudioVersion = 17.0.31912.275
MinimumVisualStudioVersion = 10.0.40219.1
Project("{2150E333-8FDC-42A3-9474-1A3956D46DE8}") = "Tests", "Tests", "{65C3D990-E216-4100-9DE1-86DD579AFEB2}"
EndProject
Project("{9A19103F-16F7-4668-BE54-9A1E7A4F7556}") = "VLSilva.EFCore.Extensions", "VLSilva.EFCore.Extensions\VLSilva.EFCore.Extensions.csproj", "{E005CBB9-F799-4B0D-A374-B0C86B441EA0}"
EndProject
Project("{9A19103F-16F7-4668-BE54-9A1E7A4F7556}") = "VLSilva.EFCore.Extensions.Tests", "VLSilva.EFCore.Extensions.Tests\VLSilva.EFCore.Extensions.Tests.csproj", "{679C7C34-CA0E-44C0-88C2-C849B1B63858}"
EndProject
Project("{2150E333-8FDC-42A3-9474-1A3956D46DE8}") = "Solution Items", "Solution Items", "{D0A6103B-1B31-4685-951A-1F6954E0FB12}"
	ProjectSection(SolutionItems) = preProject
		..\..\..\Users\vitor.silva\Desktop\DS.EFCore.png = ..\..\..\Users\vitor.silva\Desktop\DS.EFCore.png
		..\LICENSE = ..\LICENSE
		..\README.md = ..\README.md
	EndProjectSection
EndProject
Global
	GlobalSection(SolutionConfigurationPlatforms) = preSolution
		Debug|Any CPU = Debug|Any CPU
		Release|Any CPU = Release|Any CPU
	EndGlobalSection
	GlobalSection(ProjectConfigurationPlatforms) = postSolution
		{E005CBB9-F799-4B0D-A374-B0C86B441EA0}.Debug|Any CPU.ActiveCfg = Debug|Any CPU
		{E005CBB9-F799-4B0D-A374-B0C86B441EA0}.Debug|Any CPU.Build.0 = Debug|Any CPU
		{E005CBB9-F799-4B0D-A374-B0C86B441EA0}.Release|Any CPU.ActiveCfg = Release|Any CPU
		{E005CBB9-F799-4B0D-A374-B0C86B441EA0}.Release|Any CPU.Build.0 = Release|Any CPU
		{679C7C34-CA0E-44C0-88C2-C849B1B63858}.Debug|Any CPU.ActiveCfg = Debug|Any CPU
		{679C7C34-CA0E-44C0-88C2-C849B1B63858}.Debug|Any CPU.Build.0 = Debug|Any CPU
		{679C7C34-CA0E-44C0-88C2-C849B1B63858}.Release|Any CPU.ActiveCfg = Release|Any CPU
		{679C7C34-CA0E-44C0-88C2-C849B1B63858}.Release|Any CPU.Build.0 = Release|Any CPU
	EndGlobalSection
	GlobalSection(SolutionProperties) = preSolution
		HideSolutionNode = FALSE
	EndGlobalSection
	GlobalSection(NestedProjects) = preSolution
		{679C7C34-CA0E-44C0-88C2-C849B1B63858} = {65C3D990-E216-4100-9DE1-86DD579AFEB2}
	EndGlobalSection
	GlobalSection(ExtensibilityGlobals) = postSolution
		SolutionGuid = {25EC906C-8617-4FB7-A099-1A1BC36FF3D5}
	EndGlobalSection
EndGlobal
